{
  "name": "liyad-cli",
  "version": "0.0.20",
  "lockfileVersion": 1,
  "requires": true,
  "dependencies": {
    "liyad": {
      "version": "0.0.25",
      "resolved": "https://registry.npmjs.org/liyad/-/liyad-0.0.25.tgz",
      "integrity": "sha512-iiHujDbjRZJ0W+IIltSnL4AOYJrLsg21fchuA8c3zcK4HyRo5e5hnFRLqdH5Bs8k8BmXZTVSbyXnghzMJ2I4kA=="
    }
  }
}
