{
  "name": "liyad-cli",
  "version": "0.1.0",
  "lockfileVersion": 1,
  "requires": true,
  "dependencies": {
    "liyad": {
      "version": "0.1.0",
      "resolved": "https://registry.npmjs.org/liyad/-/liyad-0.1.0.tgz",
      "integrity": "sha512-ZXtinyFKz/23D4atkpbmp4kfyeSRFBLLhtPWZ1v89syoUol0NGKsnVRvx5vs8qFHL9INt08VV3RlldeCZoKsxQ=="
    }
  }
}
