{
  "name": "liyad-cli",
  "version": "0.0.1",
  "lockfileVersion": 1,
  "requires": true,
  "dependencies": {
    "liyad": {
      "version": "0.0.15",
      "resolved": "https://registry.npmjs.org/liyad/-/liyad-0.0.15.tgz",
      "integrity": "sha512-Z42DQLBPu1QqCIxXMb9YaRNr+8jUYQ/Uc+hpY/rzb/uCGwdKag897h6jd8kboXJbhyfHOYQk7TTV8Nk34XOGag=="
    }
  }
}
